// !$*UTF8*$!
{
	archiveVersion = 1;
	classes = {
	};
	objectVersion = 50;
	objects = {

/* Begin PBXBuildFile section */
		5C4B948324DFFFFC00500FCE /* SequenceExtensions.swift in Sources */ = {isa = PBXBuildFile; fileRef = 5C4B948224DFFFFC00500FCE /* SequenceExtensions.swift */; };
		5C4B948724E002C900500FCE /* StringExtensions.swift in Sources */ = {isa = PBXBuildFile; fileRef = 5C4B948624E002C900500FCE /* StringExtensions.swift */; };
		5C4B948B24E0074800500FCE /* SignedNumericExtensions.swift in Sources */ = {isa = PBXBuildFile; fileRef = 5C4B948A24E0074800500FCE /* SignedNumericExtensions.swift */; };
		5C574D4324DE5A4200A59183 /* DateTests.swift in Sources */ = {isa = PBXBuildFile; fileRef = 5C574D4124DE5A4000A59183 /* DateTests.swift */; };
		5C574D4724DE5D9600A59183 /* DataExtensions.swift in Sources */ = {isa = PBXBuildFile; fileRef = 5C574D4624DE5D9600A59183 /* DataExtensions.swift */; };
		5C574D4924DE775700A59183 /* NSAttributedStringExtensions.swift in Sources */ = {isa = PBXBuildFile; fileRef = 5C574D4824DE775700A59183 /* NSAttributedStringExtensions.swift */; };
		5C574D4D24DE8D1700A59183 /* OCTests.m in Sources */ = {isa = PBXBuildFile; fileRef = 5C574D4C24DE8D1700A59183 /* OCTests.m */; };
		5C574D4E24DE8E6A00A59183 /* NSAttributedStringExtensions.swift in Sources */ = {isa = PBXBuildFile; fileRef = 5C574D4824DE775700A59183 /* NSAttributedStringExtensions.swift */; };
		5C574D4F24DE8E6A00A59183 /* NSAttributedStringExtensions.swift in Sources */ = {isa = PBXBuildFile; fileRef = 5C574D4824DE775700A59183 /* NSAttributedStringExtensions.swift */; };
		5C574D5024DE8E6F00A59183 /* DataExtensions.swift in Sources */ = {isa = PBXBuildFile; fileRef = 5C574D4624DE5D9600A59183 /* DataExtensions.swift */; };
		5C574D5124DE8E7000A59183 /* DataExtensions.swift in Sources */ = {isa = PBXBuildFile; fileRef = 5C574D4624DE5D9600A59183 /* DataExtensions.swift */; };
		5C574D5424DE9E1100A59183 /* URLExtensions.swift in Sources */ = {isa = PBXBuildFile; fileRef = 5C574D5324DE9E1100A59183 /* URLExtensions.swift */; };
		5C574D5524DE9E1100A59183 /* URLExtensions.swift in Sources */ = {isa = PBXBuildFile; fileRef = 5C574D5324DE9E1100A59183 /* URLExtensions.swift */; };
		5C574D5624DE9E1100A59183 /* URLExtensions.swift in Sources */ = {isa = PBXBuildFile; fileRef = 5C574D5324DE9E1100A59183 /* URLExtensions.swift */; };
		5C574D5824DEA25400A59183 /* URLRequestExtensions.swift in Sources */ = {isa = PBXBuildFile; fileRef = 5C574D5724DEA25400A59183 /* URLRequestExtensions.swift */; };
		5C574D5924DEA25400A59183 /* URLRequestExtensions.swift in Sources */ = {isa = PBXBuildFile; fileRef = 5C574D5724DEA25400A59183 /* URLRequestExtensions.swift */; };
		5C574D5A24DEA25400A59183 /* URLRequestExtensions.swift in Sources */ = {isa = PBXBuildFile; fileRef = 5C574D5724DEA25400A59183 /* URLRequestExtensions.swift */; };
		5C574D6124DEAE3C00A59183 /* ArrayExtensions.swift in Sources */ = {isa = PBXBuildFile; fileRef = 5C574D6024DEAE3C00A59183 /* ArrayExtensions.swift */; };
		5C574D6224DEAE3C00A59183 /* ArrayExtensions.swift in Sources */ = {isa = PBXBuildFile; fileRef = 5C574D6024DEAE3C00A59183 /* ArrayExtensions.swift */; };
		5C574D6324DEAE3C00A59183 /* ArrayExtensions.swift in Sources */ = {isa = PBXBuildFile; fileRef = 5C574D6024DEAE3C00A59183 /* ArrayExtensions.swift */; };
		5C574D6924DEB2FD00A59183 /* BinaryFloatingPointExtensions.swift in Sources */ = {isa = PBXBuildFile; fileRef = 5C574D6824DEB2FD00A59183 /* BinaryFloatingPointExtensions.swift */; };
		5C574D6A24DEB2FD00A59183 /* BinaryFloatingPointExtensions.swift in Sources */ = {isa = PBXBuildFile; fileRef = 5C574D6824DEB2FD00A59183 /* BinaryFloatingPointExtensions.swift */; };
		5C574D6B24DEB2FD00A59183 /* BinaryFloatingPointExtensions.swift in Sources */ = {isa = PBXBuildFile; fileRef = 5C574D6824DEB2FD00A59183 /* BinaryFloatingPointExtensions.swift */; };
		5C574D6D24DEBB6400A59183 /* CharacterExtensions.swift in Sources */ = {isa = PBXBuildFile; fileRef = 5C574D6C24DEBB6400A59183 /* CharacterExtensions.swift */; };
		5C574D6E24DEBB6400A59183 /* CharacterExtensions.swift in Sources */ = {isa = PBXBuildFile; fileRef = 5C574D6C24DEBB6400A59183 /* CharacterExtensions.swift */; };
		5C574D6F24DEBB6400A59183 /* CharacterExtensions.swift in Sources */ = {isa = PBXBuildFile; fileRef = 5C574D6C24DEBB6400A59183 /* CharacterExtensions.swift */; };
		5C574D7124DEC43800A59183 /* CollectionExtensions.swift in Sources */ = {isa = PBXBuildFile; fileRef = 5C574D7024DEC43800A59183 /* CollectionExtensions.swift */; };
		5C574D7224DEC43800A59183 /* CollectionExtensions.swift in Sources */ = {isa = PBXBuildFile; fileRef = 5C574D7024DEC43800A59183 /* CollectionExtensions.swift */; };
		5C574D7324DEC43800A59183 /* CollectionExtensions.swift in Sources */ = {isa = PBXBuildFile; fileRef = 5C574D7024DEC43800A59183 /* CollectionExtensions.swift */; };
		5C574D7524DED74B00A59183 /* DictionaryExtensions.swift in Sources */ = {isa = PBXBuildFile; fileRef = 5C574D7424DED74B00A59183 /* DictionaryExtensions.swift */; };
		5C574D7624DED74B00A59183 /* DictionaryExtensions.swift in Sources */ = {isa = PBXBuildFile; fileRef = 5C574D7424DED74B00A59183 /* DictionaryExtensions.swift */; };
		5C574D7724DED74B00A59183 /* DictionaryExtensions.swift in Sources */ = {isa = PBXBuildFile; fileRef = 5C574D7424DED74B00A59183 /* DictionaryExtensions.swift */; };
		5C574D7E24DEDE1600A59183 /* SwiftExtensionsError.swift in Sources */ = {isa = PBXBuildFile; fileRef = 5C574D7D24DEDE1600A59183 /* SwiftExtensionsError.swift */; };
		5C574D7F24DEDE1600A59183 /* SwiftExtensionsError.swift in Sources */ = {isa = PBXBuildFile; fileRef = 5C574D7D24DEDE1600A59183 /* SwiftExtensionsError.swift */; };
		5C574D8024DEDE1600A59183 /* SwiftExtensionsError.swift in Sources */ = {isa = PBXBuildFile; fileRef = 5C574D7D24DEDE1600A59183 /* SwiftExtensionsError.swift */; };
		5C758E4D24DF9783007BCE17 /* DecodableExtensions.swift in Sources */ = {isa = PBXBuildFile; fileRef = 5C758E4C24DF9783007BCE17 /* DecodableExtensions.swift */; };
		5CD9B1FA24E18B11001BA882 /* UIApplicationExtensions.swift in Sources */ = {isa = PBXBuildFile; fileRef = 5CD9B1F924E18B11001BA882 /* UIApplicationExtensions.swift */; };
		5CD9B1FC24E18D01001BA882 /* UIButtonExtensions.swift in Sources */ = {isa = PBXBuildFile; fileRef = 5CD9B1FB24E18D01001BA882 /* UIButtonExtensions.swift */; };
		5CD9B1FE24E18E72001BA882 /* UICollectionViewExtensions.swift in Sources */ = {isa = PBXBuildFile; fileRef = 5CD9B1FD24E18E72001BA882 /* UICollectionViewExtensions.swift */; };
		5CD9B20024E18ECC001BA882 /* UIFontExtensions.swift in Sources */ = {isa = PBXBuildFile; fileRef = 5CD9B1FF24E18ECC001BA882 /* UIFontExtensions.swift */; };
		5CD9B20224E18FC3001BA882 /* UIImageExtensions.swift in Sources */ = {isa = PBXBuildFile; fileRef = 5CD9B20124E18FC3001BA882 /* UIImageExtensions.swift */; };
		5CD9B5CC24E2D4CA001BA882 /* UINavigationControllerExtensions.swift in Sources */ = {isa = PBXBuildFile; fileRef = 5CD9B5CB24E2D4CA001BA882 /* UINavigationControllerExtensions.swift */; };
		5CD9B5CE24E2D5B4001BA882 /* UIScrollViewExtensions.swift in Sources */ = {isa = PBXBuildFile; fileRef = 5CD9B5CD24E2D5B4001BA882 /* UIScrollViewExtensions.swift */; };
		5CD9B5D024E2D628001BA882 /* UISearchBarExtensions.swift in Sources */ = {isa = PBXBuildFile; fileRef = 5CD9B5CF24E2D628001BA882 /* UISearchBarExtensions.swift */; };
		5CD9B5D224E2D6B7001BA882 /* UISegmentedControlExtensions.swift in Sources */ = {isa = PBXBuildFile; fileRef = 5CD9B5D124E2D6B7001BA882 /* UISegmentedControlExtensions.swift */; };
		5CD9B5D424E2D708001BA882 /* UISliderExtensions.swift in Sources */ = {isa = PBXBuildFile; fileRef = 5CD9B5D324E2D708001BA882 /* UISliderExtensions.swift */; };
		5CD9B5D624E2D77F001BA882 /* UIStoryboardExtensions.swift in Sources */ = {isa = PBXBuildFile; fileRef = 5CD9B5D524E2D77F001BA882 /* UIStoryboardExtensions.swift */; };
		5CD9B5D824E2D95F001BA882 /* UITabBarExtensions.swift in Sources */ = {isa = PBXBuildFile; fileRef = 5CD9B5D724E2D95F001BA882 /* UITabBarExtensions.swift */; };
		5CD9B5DC24E2DAFC001BA882 /* UITableViewExtensions.swift in Sources */ = {isa = PBXBuildFile; fileRef = 5CD9B5DB24E2DAFC001BA882 /* UITableViewExtensions.swift */; };
		5CD9B5DE24E2DC3C001BA882 /* UITextFieldExtensions.swift in Sources */ = {isa = PBXBuildFile; fileRef = 5CD9B5DD24E2DC3C001BA882 /* UITextFieldExtensions.swift */; };
		5CD9B5E024E2DCDB001BA882 /* UITextViewExtensions.swift in Sources */ = {isa = PBXBuildFile; fileRef = 5CD9B5DF24E2DCDB001BA882 /* UITextViewExtensions.swift */; };
		5CD9B5E224E2DDEE001BA882 /* UIViewControllerExtensions.swift in Sources */ = {isa = PBXBuildFile; fileRef = 5CD9B5E124E2DDEE001BA882 /* UIViewControllerExtensions.swift */; };
		5CD9B5E424E2E026001BA882 /* UIViewExtensions.swift in Sources */ = {isa = PBXBuildFile; fileRef = 5CD9B5E324E2E026001BA882 /* UIViewExtensions.swift */; };
		5CD9C68B24E42C78001BA882 /* BinaryIntegerExtensions.swift in Sources */ = {isa = PBXBuildFile; fileRef = 5CD9C68A24E42C78001BA882 /* BinaryIntegerExtensions.swift */; };
		E448080924E0C65400DB6F81 /* UIAlertControllerExtensions.swift in Sources */ = {isa = PBXBuildFile; fileRef = E448080824E0C65400DB6F81 /* UIAlertControllerExtensions.swift */; };
		E448080A24E0CA7000DB6F81 /* UIColorExtensions.swift in Sources */ = {isa = PBXBuildFile; fileRef = E4D103CF24E04DA700B8A4B0 /* UIColorExtensions.swift */; };
		E448080B24E0CA7100DB6F81 /* UIColorExtensions.swift in Sources */ = {isa = PBXBuildFile; fileRef = E4D103CF24E04DA700B8A4B0 /* UIColorExtensions.swift */; };
		E448080C24E0CA7300DB6F81 /* UIAlertControllerExtensions.swift in Sources */ = {isa = PBXBuildFile; fileRef = E448080824E0C65400DB6F81 /* UIAlertControllerExtensions.swift */; };
		E448080D24E0CA7300DB6F81 /* UIAlertControllerExtensions.swift in Sources */ = {isa = PBXBuildFile; fileRef = E448080824E0C65400DB6F81 /* UIAlertControllerExtensions.swift */; };
		E448080E24E0CA7600DB6F81 /* DispatchQueueExtensions.swift in Sources */ = {isa = PBXBuildFile; fileRef = E4D103CA24E03EEA00B8A4B0 /* DispatchQueueExtensions.swift */; };
		E448080F24E0CA7600DB6F81 /* DispatchQueueExtensions.swift in Sources */ = {isa = PBXBuildFile; fileRef = E4D103CA24E03EEA00B8A4B0 /* DispatchQueueExtensions.swift */; };
		E448081024E0CA7900DB6F81 /* OperateQueueExtensions.swift in Sources */ = {isa = PBXBuildFile; fileRef = E4D103CC24E0408900B8A4B0 /* OperateQueueExtensions.swift */; };
		E448081124E0CA7900DB6F81 /* OperateQueueExtensions.swift in Sources */ = {isa = PBXBuildFile; fileRef = E4D103CC24E0408900B8A4B0 /* OperateQueueExtensions.swift */; };
		E448081224E0CA7F00DB6F81 /* DecodableExtensions.swift in Sources */ = {isa = PBXBuildFile; fileRef = 5C758E4C24DF9783007BCE17 /* DecodableExtensions.swift */; };
		E448081324E0CA7F00DB6F81 /* DecodableExtensions.swift in Sources */ = {isa = PBXBuildFile; fileRef = 5C758E4C24DF9783007BCE17 /* DecodableExtensions.swift */; };
		E448081424E0CA8500DB6F81 /* SignedNumericExtensions.swift in Sources */ = {isa = PBXBuildFile; fileRef = 5C4B948A24E0074800500FCE /* SignedNumericExtensions.swift */; };
		E448081524E0CA8500DB6F81 /* SignedNumericExtensions.swift in Sources */ = {isa = PBXBuildFile; fileRef = 5C4B948A24E0074800500FCE /* SignedNumericExtensions.swift */; };
		E448081624E0CA8B00DB6F81 /* StringExtensions.swift in Sources */ = {isa = PBXBuildFile; fileRef = 5C4B948624E002C900500FCE /* StringExtensions.swift */; };
		E448081724E0CA8B00DB6F81 /* StringExtensions.swift in Sources */ = {isa = PBXBuildFile; fileRef = 5C4B948624E002C900500FCE /* StringExtensions.swift */; };
		E448081824E0CA9600DB6F81 /* SequenceExtensions.swift in Sources */ = {isa = PBXBuildFile; fileRef = 5C4B948224DFFFFC00500FCE /* SequenceExtensions.swift */; };
		E448081924E0CA9600DB6F81 /* SequenceExtensions.swift in Sources */ = {isa = PBXBuildFile; fileRef = 5C4B948224DFFFFC00500FCE /* SequenceExtensions.swift */; };
		E45A859224E6088000F82A79 /* AVPlayer.swift in Sources */ = {isa = PBXBuildFile; fileRef = E45A859124E6088000F82A79 /* AVPlayer.swift */; };
		E46247EE24E210CA008AA568 /* UIImageViewExtensions.swift in Sources */ = {isa = PBXBuildFile; fileRef = E46247ED24E210CA008AA568 /* UIImageViewExtensions.swift */; };
		E46247F024E215FB008AA568 /* UILabelExtensions.swift in Sources */ = {isa = PBXBuildFile; fileRef = E46247EF24E215FB008AA568 /* UILabelExtensions.swift */; };
		E46247F224E216B4008AA568 /* UINavigationBarExtensions.swift in Sources */ = {isa = PBXBuildFile; fileRef = E46247F124E216B4008AA568 /* UINavigationBarExtensions.swift */; };
		E467470C24E4421C0009A800 /* DispatchQueueTests.swift in Sources */ = {isa = PBXBuildFile; fileRef = E467470B24E4421C0009A800 /* DispatchQueueTests.swift */; };
		E4AB3A4724E4B08200CB419C /* NSObjectExtensions.swift in Sources */ = {isa = PBXBuildFile; fileRef = E4AB3A4624E4B08200CB419C /* NSObjectExtensions.swift */; };
		E4AB3A4824E4B08500CB419C /* NSObjectExtensions.swift in Sources */ = {isa = PBXBuildFile; fileRef = E4AB3A4624E4B08200CB419C /* NSObjectExtensions.swift */; };
		E4AB3A4B24E4B0C900CB419C /* NSObjectTests.swift in Sources */ = {isa = PBXBuildFile; fileRef = E4AB3A4A24E4B0C900CB419C /* NSObjectTests.swift */; };
		E4AB3A4F24E4B60D00CB419C /* UIViewControllerExtensions.swift in Sources */ = {isa = PBXBuildFile; fileRef = 5CD9B5E124E2DDEE001BA882 /* UIViewControllerExtensions.swift */; };
		E4AB3A5024E4B60D00CB419C /* UIViewControllerExtensions.swift in Sources */ = {isa = PBXBuildFile; fileRef = 5CD9B5E124E2DDEE001BA882 /* UIViewControllerExtensions.swift */; };
		E4AB3A5124E4B6DA00CB419C /* UIFontExtensions.swift in Sources */ = {isa = PBXBuildFile; fileRef = 5CD9B1FF24E18ECC001BA882 /* UIFontExtensions.swift */; };
		E4AB3A5224E4B6DA00CB419C /* UIFontExtensions.swift in Sources */ = {isa = PBXBuildFile; fileRef = 5CD9B1FF24E18ECC001BA882 /* UIFontExtensions.swift */; };
		E4AB3A5524E4BEC700CB419C /* UIDeviceExtensions.swift in Sources */ = {isa = PBXBuildFile; fileRef = E4AB3A5424E4BEC700CB419C /* UIDeviceExtensions.swift */; };
		E4AB3A5724E4BF3D00CB419C /* UIScreenExtensions.swift in Sources */ = {isa = PBXBuildFile; fileRef = E4AB3A5624E4BF3D00CB419C /* UIScreenExtensions.swift */; };
		E4D103CB24E03EEA00B8A4B0 /* DispatchQueueExtensions.swift in Sources */ = {isa = PBXBuildFile; fileRef = E4D103CA24E03EEA00B8A4B0 /* DispatchQueueExtensions.swift */; };
		E4D103CD24E0408900B8A4B0 /* OperateQueueExtensions.swift in Sources */ = {isa = PBXBuildFile; fileRef = E4D103CC24E0408900B8A4B0 /* OperateQueueExtensions.swift */; };
		E4D103D024E04DA700B8A4B0 /* UIColorExtensions.swift in Sources */ = {isa = PBXBuildFile; fileRef = E4D103CF24E04DA700B8A4B0 /* UIColorExtensions.swift */; };
		E4DB869524DE295F0042F79D /* AppDelegate.swift in Sources */ = {isa = PBXBuildFile; fileRef = E4DB869424DE295F0042F79D /* AppDelegate.swift */; };
		E4DB869724DE295F0042F79D /* SceneDelegate.swift in Sources */ = {isa = PBXBuildFile; fileRef = E4DB869624DE295F0042F79D /* SceneDelegate.swift */; };
		E4DB869924DE295F0042F79D /* ViewController.swift in Sources */ = {isa = PBXBuildFile; fileRef = E4DB869824DE295F0042F79D /* ViewController.swift */; };
		E4DB869C24DE295F0042F79D /* Main.storyboard in Resources */ = {isa = PBXBuildFile; fileRef = E4DB869A24DE295F0042F79D /* Main.storyboard */; };
		E4DB869E24DE29600042F79D /* Assets.xcassets in Resources */ = {isa = PBXBuildFile; fileRef = E4DB869D24DE29600042F79D /* Assets.xcassets */; };
		E4DB86A124DE29600042F79D /* LaunchScreen.storyboard in Resources */ = {isa = PBXBuildFile; fileRef = E4DB869F24DE29600042F79D /* LaunchScreen.storyboard */; };
		E4DB86AC24DE29600042F79D /* Tests.swift in Sources */ = {isa = PBXBuildFile; fileRef = E4DB86AB24DE29600042F79D /* Tests.swift */; };
		E4DB86B724DE29600042F79D /* UITests.swift in Sources */ = {isa = PBXBuildFile; fileRef = E4DB86B624DE29600042F79D /* UITests.swift */; };
		E4DB86CF24DE2E1F0042F79D /* DateExtensions.swift in Sources */ = {isa = PBXBuildFile; fileRef = E4DB86CE24DE2E1F0042F79D /* DateExtensions.swift */; };
		E4DB86D024DE2E1F0042F79D /* DateExtensions.swift in Sources */ = {isa = PBXBuildFile; fileRef = E4DB86CE24DE2E1F0042F79D /* DateExtensions.swift */; };
		E4DB86D124DE2E1F0042F79D /* DateExtensions.swift in Sources */ = {isa = PBXBuildFile; fileRef = E4DB86CE24DE2E1F0042F79D /* DateExtensions.swift */; };
		E4DF925024E41F4B00A78C58 /* StringExtensions+Valid.swift in Sources */ = {isa = PBXBuildFile; fileRef = E4DF924F24E41F4B00A78C58 /* StringExtensions+Valid.swift */; };
		E4E413C724E6BD4300C11110 /* RuntimeExtensions.swift in Sources */ = {isa = PBXBuildFile; fileRef = E4E413C624E6BD4300C11110 /* RuntimeExtensions.swift */; };
		E4E413CB24E6BE1700C11110 /* RuntimeTests.swift in Sources */ = {isa = PBXBuildFile; fileRef = E4E413CA24E6BE1700C11110 /* RuntimeTests.swift */; };
		E4E413CC24E6BE2B00C11110 /* RuntimeExtensions.swift in Sources */ = {isa = PBXBuildFile; fileRef = E4E413C624E6BD4300C11110 /* RuntimeExtensions.swift */; };
		E4E413CD24E6BE7000C11110 /* UIViewExtensions.swift in Sources */ = {isa = PBXBuildFile; fileRef = 5CD9B5E324E2E026001BA882 /* UIViewExtensions.swift */; };
		E4E413CE24E6BEA200C11110 /* UIViewExtensions.swift in Sources */ = {isa = PBXBuildFile; fileRef = 5CD9B5E324E2E026001BA882 /* UIViewExtensions.swift */; };
/* End PBXBuildFile section */

/* Begin PBXContainerItemProxy section */
		E4DB86A824DE29600042F79D /* PBXContainerItemProxy */ = {
			isa = PBXContainerItemProxy;
			containerPortal = E4DB868924DE295F0042F79D /* Project object */;
			proxyType = 1;
			remoteGlobalIDString = E4DB869024DE295F0042F79D;
			remoteInfo = SwiftExtensions;
		};
		E4DB86B324DE29600042F79D /* PBXContainerItemProxy */ = {
			isa = PBXContainerItemProxy;
			containerPortal = E4DB868924DE295F0042F79D /* Project object */;
			proxyType = 1;
			remoteGlobalIDString = E4DB869024DE295F0042F79D;
			remoteInfo = SwiftExtensions;
		};
/* End PBXContainerItemProxy section */

/* Begin PBXFileReference section */
		5C4B948224DFFFFC00500FCE /* SequenceExtensions.swift */ = {isa = PBXFileReference; lastKnownFileType = sourcecode.swift; path = SequenceExtensions.swift; sourceTree = "<group>"; };
		5C4B948624E002C900500FCE /* StringExtensions.swift */ = {isa = PBXFileReference; lastKnownFileType = sourcecode.swift; path = StringExtensions.swift; sourceTree = "<group>"; };
		5C4B948A24E0074800500FCE /* SignedNumericExtensions.swift */ = {isa = PBXFileReference; fileEncoding = 4; lastKnownFileType = sourcecode.swift; path = SignedNumericExtensions.swift; sourceTree = "<group>"; };
		5C574D4124DE5A4000A59183 /* DateTests.swift */ = {isa = PBXFileReference; lastKnownFileType = sourcecode.swift; path = DateTests.swift; sourceTree = "<group>"; };
		5C574D4624DE5D9600A59183 /* DataExtensions.swift */ = {isa = PBXFileReference; lastKnownFileType = sourcecode.swift; path = DataExtensions.swift; sourceTree = "<group>"; };
		5C574D4824DE775700A59183 /* NSAttributedStringExtensions.swift */ = {isa = PBXFileReference; lastKnownFileType = sourcecode.swift; path = NSAttributedStringExtensions.swift; sourceTree = "<group>"; };
		5C574D4A24DE8D1700A59183 /* Tests-Bridging-Header.h */ = {isa = PBXFileReference; lastKnownFileType = sourcecode.c.h; path = "Tests-Bridging-Header.h"; sourceTree = "<group>"; };
		5C574D4B24DE8D1700A59183 /* OCTests.h */ = {isa = PBXFileReference; lastKnownFileType = sourcecode.c.h; path = OCTests.h; sourceTree = "<group>"; };
		5C574D4C24DE8D1700A59183 /* OCTests.m */ = {isa = PBXFileReference; lastKnownFileType = sourcecode.c.objc; path = OCTests.m; sourceTree = "<group>"; };
		5C574D5324DE9E1100A59183 /* URLExtensions.swift */ = {isa = PBXFileReference; lastKnownFileType = sourcecode.swift; path = URLExtensions.swift; sourceTree = "<group>"; };
		5C574D5724DEA25400A59183 /* URLRequestExtensions.swift */ = {isa = PBXFileReference; lastKnownFileType = sourcecode.swift; path = URLRequestExtensions.swift; sourceTree = "<group>"; };
		5C574D6024DEAE3C00A59183 /* ArrayExtensions.swift */ = {isa = PBXFileReference; lastKnownFileType = sourcecode.swift; path = ArrayExtensions.swift; sourceTree = "<group>"; };
		5C574D6824DEB2FD00A59183 /* BinaryFloatingPointExtensions.swift */ = {isa = PBXFileReference; lastKnownFileType = sourcecode.swift; path = BinaryFloatingPointExtensions.swift; sourceTree = "<group>"; };
		5C574D6C24DEBB6400A59183 /* CharacterExtensions.swift */ = {isa = PBXFileReference; lastKnownFileType = sourcecode.swift; path = CharacterExtensions.swift; sourceTree = "<group>"; };
		5C574D7024DEC43800A59183 /* CollectionExtensions.swift */ = {isa = PBXFileReference; lastKnownFileType = sourcecode.swift; path = CollectionExtensions.swift; sourceTree = "<group>"; };
		5C574D7424DED74B00A59183 /* DictionaryExtensions.swift */ = {isa = PBXFileReference; lastKnownFileType = sourcecode.swift; path = DictionaryExtensions.swift; sourceTree = "<group>"; };
		5C574D7D24DEDE1600A59183 /* SwiftExtensionsError.swift */ = {isa = PBXFileReference; lastKnownFileType = sourcecode.swift; path = SwiftExtensionsError.swift; sourceTree = "<group>"; };
		5C758E4C24DF9783007BCE17 /* DecodableExtensions.swift */ = {isa = PBXFileReference; lastKnownFileType = sourcecode.swift; path = DecodableExtensions.swift; sourceTree = "<group>"; };
		5CD9B1F924E18B11001BA882 /* UIApplicationExtensions.swift */ = {isa = PBXFileReference; lastKnownFileType = sourcecode.swift; path = UIApplicationExtensions.swift; sourceTree = "<group>"; };
		5CD9B1FB24E18D01001BA882 /* UIButtonExtensions.swift */ = {isa = PBXFileReference; lastKnownFileType = sourcecode.swift; path = UIButtonExtensions.swift; sourceTree = "<group>"; };
		5CD9B1FD24E18E72001BA882 /* UICollectionViewExtensions.swift */ = {isa = PBXFileReference; lastKnownFileType = sourcecode.swift; path = UICollectionViewExtensions.swift; sourceTree = "<group>"; };
		5CD9B1FF24E18ECC001BA882 /* UIFontExtensions.swift */ = {isa = PBXFileReference; lastKnownFileType = sourcecode.swift; path = UIFontExtensions.swift; sourceTree = "<group>"; };
		5CD9B20124E18FC3001BA882 /* UIImageExtensions.swift */ = {isa = PBXFileReference; lastKnownFileType = sourcecode.swift; path = UIImageExtensions.swift; sourceTree = "<group>"; };
		5CD9B5CB24E2D4CA001BA882 /* UINavigationControllerExtensions.swift */ = {isa = PBXFileReference; lastKnownFileType = sourcecode.swift; path = UINavigationControllerExtensions.swift; sourceTree = "<group>"; };
		5CD9B5CD24E2D5B4001BA882 /* UIScrollViewExtensions.swift */ = {isa = PBXFileReference; lastKnownFileType = sourcecode.swift; path = UIScrollViewExtensions.swift; sourceTree = "<group>"; };
		5CD9B5CF24E2D628001BA882 /* UISearchBarExtensions.swift */ = {isa = PBXFileReference; lastKnownFileType = sourcecode.swift; path = UISearchBarExtensions.swift; sourceTree = "<group>"; };
		5CD9B5D124E2D6B7001BA882 /* UISegmentedControlExtensions.swift */ = {isa = PBXFileReference; lastKnownFileType = sourcecode.swift; path = UISegmentedControlExtensions.swift; sourceTree = "<group>"; };
		5CD9B5D324E2D708001BA882 /* UISliderExtensions.swift */ = {isa = PBXFileReference; lastKnownFileType = sourcecode.swift; path = UISliderExtensions.swift; sourceTree = "<group>"; };
		5CD9B5D524E2D77F001BA882 /* UIStoryboardExtensions.swift */ = {isa = PBXFileReference; lastKnownFileType = sourcecode.swift; path = UIStoryboardExtensions.swift; sourceTree = "<group>"; };
		5CD9B5D724E2D95F001BA882 /* UITabBarExtensions.swift */ = {isa = PBXFileReference; lastKnownFileType = sourcecode.swift; path = UITabBarExtensions.swift; sourceTree = "<group>"; };
		5CD9B5DB24E2DAFC001BA882 /* UITableViewExtensions.swift */ = {isa = PBXFileReference; lastKnownFileType = sourcecode.swift; path = UITableViewExtensions.swift; sourceTree = "<group>"; };
		5CD9B5DD24E2DC3C001BA882 /* UITextFieldExtensions.swift */ = {isa = PBXFileReference; lastKnownFileType = sourcecode.swift; path = UITextFieldExtensions.swift; sourceTree = "<group>"; };
		5CD9B5DF24E2DCDB001BA882 /* UITextViewExtensions.swift */ = {isa = PBXFileReference; lastKnownFileType = sourcecode.swift; path = UITextViewExtensions.swift; sourceTree = "<group>"; };
		5CD9B5E124E2DDEE001BA882 /* UIViewControllerExtensions.swift */ = {isa = PBXFileReference; lastKnownFileType = sourcecode.swift; path = UIViewControllerExtensions.swift; sourceTree = "<group>"; };
		5CD9B5E324E2E026001BA882 /* UIViewExtensions.swift */ = {isa = PBXFileReference; lastKnownFileType = sourcecode.swift; path = UIViewExtensions.swift; sourceTree = "<group>"; };
		5CD9C68A24E42C78001BA882 /* BinaryIntegerExtensions.swift */ = {isa = PBXFileReference; lastKnownFileType = sourcecode.swift; path = BinaryIntegerExtensions.swift; sourceTree = "<group>"; };
		E448080824E0C65400DB6F81 /* UIAlertControllerExtensions.swift */ = {isa = PBXFileReference; lastKnownFileType = sourcecode.swift; path = UIAlertControllerExtensions.swift; sourceTree = "<group>"; };
		E45A859124E6088000F82A79 /* AVPlayer.swift */ = {isa = PBXFileReference; lastKnownFileType = sourcecode.swift; path = AVPlayer.swift; sourceTree = "<group>"; };
		E46247ED24E210CA008AA568 /* UIImageViewExtensions.swift */ = {isa = PBXFileReference; lastKnownFileType = sourcecode.swift; path = UIImageViewExtensions.swift; sourceTree = "<group>"; };
		E46247EF24E215FB008AA568 /* UILabelExtensions.swift */ = {isa = PBXFileReference; lastKnownFileType = sourcecode.swift; path = UILabelExtensions.swift; sourceTree = "<group>"; };
		E46247F124E216B4008AA568 /* UINavigationBarExtensions.swift */ = {isa = PBXFileReference; lastKnownFileType = sourcecode.swift; path = UINavigationBarExtensions.swift; sourceTree = "<group>"; };
		E467470B24E4421C0009A800 /* DispatchQueueTests.swift */ = {isa = PBXFileReference; lastKnownFileType = sourcecode.swift; path = DispatchQueueTests.swift; sourceTree = "<group>"; };
		E4AB3A4624E4B08200CB419C /* NSObjectExtensions.swift */ = {isa = PBXFileReference; lastKnownFileType = sourcecode.swift; path = NSObjectExtensions.swift; sourceTree = "<group>"; };
		E4AB3A4A24E4B0C900CB419C /* NSObjectTests.swift */ = {isa = PBXFileReference; lastKnownFileType = sourcecode.swift; path = NSObjectTests.swift; sourceTree = "<group>"; };
		E4AB3A5424E4BEC700CB419C /* UIDeviceExtensions.swift */ = {isa = PBXFileReference; lastKnownFileType = sourcecode.swift; path = UIDeviceExtensions.swift; sourceTree = "<group>"; };
		E4AB3A5624E4BF3D00CB419C /* UIScreenExtensions.swift */ = {isa = PBXFileReference; lastKnownFileType = sourcecode.swift; path = UIScreenExtensions.swift; sourceTree = "<group>"; };
		E4D103CA24E03EEA00B8A4B0 /* DispatchQueueExtensions.swift */ = {isa = PBXFileReference; lastKnownFileType = sourcecode.swift; path = DispatchQueueExtensions.swift; sourceTree = "<group>"; };
		E4D103CC24E0408900B8A4B0 /* OperateQueueExtensions.swift */ = {isa = PBXFileReference; lastKnownFileType = sourcecode.swift; path = OperateQueueExtensions.swift; sourceTree = "<group>"; };
		E4D103CF24E04DA700B8A4B0 /* UIColorExtensions.swift */ = {isa = PBXFileReference; lastKnownFileType = sourcecode.swift; path = UIColorExtensions.swift; sourceTree = "<group>"; };
		E4DB869124DE295F0042F79D /* SwiftExtensions.app */ = {isa = PBXFileReference; explicitFileType = wrapper.application; includeInIndex = 0; path = SwiftExtensions.app; sourceTree = BUILT_PRODUCTS_DIR; };
		E4DB869424DE295F0042F79D /* AppDelegate.swift */ = {isa = PBXFileReference; lastKnownFileType = sourcecode.swift; path = AppDelegate.swift; sourceTree = "<group>"; };
		E4DB869624DE295F0042F79D /* SceneDelegate.swift */ = {isa = PBXFileReference; lastKnownFileType = sourcecode.swift; path = SceneDelegate.swift; sourceTree = "<group>"; };
		E4DB869824DE295F0042F79D /* ViewController.swift */ = {isa = PBXFileReference; lastKnownFileType = sourcecode.swift; path = ViewController.swift; sourceTree = "<group>"; };
		E4DB869B24DE295F0042F79D /* Base */ = {isa = PBXFileReference; lastKnownFileType = file.storyboard; name = Base; path = Base.lproj/Main.storyboard; sourceTree = "<group>"; };
		E4DB869D24DE29600042F79D /* Assets.xcassets */ = {isa = PBXFileReference; lastKnownFileType = folder.assetcatalog; path = Assets.xcassets; sourceTree = "<group>"; };
		E4DB86A024DE29600042F79D /* Base */ = {isa = PBXFileReference; lastKnownFileType = file.storyboard; name = Base; path = Base.lproj/LaunchScreen.storyboard; sourceTree = "<group>"; };
		E4DB86A224DE29600042F79D /* Info.plist */ = {isa = PBXFileReference; lastKnownFileType = text.plist.xml; path = Info.plist; sourceTree = "<group>"; };
		E4DB86A724DE29600042F79D /* Tests.xctest */ = {isa = PBXFileReference; explicitFileType = wrapper.cfbundle; includeInIndex = 0; path = Tests.xctest; sourceTree = BUILT_PRODUCTS_DIR; };
		E4DB86AB24DE29600042F79D /* Tests.swift */ = {isa = PBXFileReference; lastKnownFileType = sourcecode.swift; path = Tests.swift; sourceTree = "<group>"; };
		E4DB86AD24DE29600042F79D /* Info.plist */ = {isa = PBXFileReference; lastKnownFileType = text.plist.xml; path = Info.plist; sourceTree = "<group>"; };
		E4DB86B224DE29600042F79D /* UITests.xctest */ = {isa = PBXFileReference; explicitFileType = wrapper.cfbundle; includeInIndex = 0; path = UITests.xctest; sourceTree = BUILT_PRODUCTS_DIR; };
		E4DB86B624DE29600042F79D /* UITests.swift */ = {isa = PBXFileReference; lastKnownFileType = sourcecode.swift; path = UITests.swift; sourceTree = "<group>"; };
		E4DB86B824DE29600042F79D /* Info.plist */ = {isa = PBXFileReference; lastKnownFileType = text.plist.xml; path = Info.plist; sourceTree = "<group>"; };
		E4DB86CE24DE2E1F0042F79D /* DateExtensions.swift */ = {isa = PBXFileReference; lastKnownFileType = sourcecode.swift; path = DateExtensions.swift; sourceTree = "<group>"; };
		E4DF924F24E41F4B00A78C58 /* StringExtensions+Valid.swift */ = {isa = PBXFileReference; lastKnownFileType = sourcecode.swift; path = "StringExtensions+Valid.swift"; sourceTree = "<group>"; };
		E4E413C624E6BD4300C11110 /* RuntimeExtensions.swift */ = {isa = PBXFileReference; lastKnownFileType = sourcecode.swift; path = RuntimeExtensions.swift; sourceTree = "<group>"; };
		E4E413CA24E6BE1700C11110 /* RuntimeTests.swift */ = {isa = PBXFileReference; lastKnownFileType = sourcecode.swift; path = RuntimeTests.swift; sourceTree = "<group>"; };
/* End PBXFileReference section */

/* Begin PBXFrameworksBuildPhase section */
		E4DB868E24DE295F0042F79D /* Frameworks */ = {
			isa = PBXFrameworksBuildPhase;
			buildActionMask = 2147483647;
			files = (
			);
			runOnlyForDeploymentPostprocessing = 0;
		};
		E4DB86A424DE29600042F79D /* Frameworks */ = {
			isa = PBXFrameworksBuildPhase;
			buildActionMask = 2147483647;
			files = (
			);
			runOnlyForDeploymentPostprocessing = 0;
		};
		E4DB86AF24DE29600042F79D /* Frameworks */ = {
			isa = PBXFrameworksBuildPhase;
			buildActionMask = 2147483647;
			files = (
			);
			runOnlyForDeploymentPostprocessing = 0;
		};
/* End PBXFrameworksBuildPhase section */

/* Begin PBXGroup section */
		5C574D3F24DE5A0100A59183 /* Foundation */ = {
			isa = PBXGroup;
			children = (
				5C574D4024DE5A0100A59183 /* DateTime */,
				5C574D4B24DE8D1700A59183 /* OCTests.h */,
				5C574D4C24DE8D1700A59183 /* OCTests.m */,
				5C574D4A24DE8D1700A59183 /* Tests-Bridging-Header.h */,
			);
			path = Foundation;
			sourceTree = "<group>";
		};
		5C574D4024DE5A0100A59183 /* DateTime */ = {
			isa = PBXGroup;
			children = (
				5C574D4124DE5A4000A59183 /* DateTests.swift */,
			);
			path = DateTime;
			sourceTree = "<group>";
		};
		5C574D4524DE5D8D00A59183 /* Data */ = {
			isa = PBXGroup;
			children = (
				5C574D4624DE5D9600A59183 /* DataExtensions.swift */,
				5C758E4C24DF9783007BCE17 /* DecodableExtensions.swift */,
			);
			path = Data;
			sourceTree = "<group>";
		};
		5C574D5224DE9DFD00A59183 /* Network */ = {
			isa = PBXGroup;
			children = (
				5C574D5324DE9E1100A59183 /* URLExtensions.swift */,
				5C574D5724DEA25400A59183 /* URLRequestExtensions.swift */,
			);
			path = Network;
			sourceTree = "<group>";
		};
		5C574D7824DEDD6F00A59183 /* Public */ = {
			isa = PBXGroup;
			children = (
				5C574D7D24DEDE1600A59183 /* SwiftExtensionsError.swift */,
			);
			path = Public;
			sourceTree = "<group>";
		};
		E45A859024E6087400F82A79 /* AVFoundation */ = {
			isa = PBXGroup;
			children = (
				E45A859124E6088000F82A79 /* AVPlayer.swift */,
			);
			path = AVFoundation;
			sourceTree = "<group>";
		};
		E4AB3A4C24E4B57B00CB419C /* Display */ = {
			isa = PBXGroup;
			children = (
				5CD9B20124E18FC3001BA882 /* UIImageExtensions.swift */,
				5CD9B1FF24E18ECC001BA882 /* UIFontExtensions.swift */,
				E4D103CF24E04DA700B8A4B0 /* UIColorExtensions.swift */,
			);
			path = Display;
			sourceTree = "<group>";
		};
		E4AB3A4D24E4B5CF00CB419C /* View */ = {
			isa = PBXGroup;
			children = (
				5CD9B1FB24E18D01001BA882 /* UIButtonExtensions.swift */,
				E46247ED24E210CA008AA568 /* UIImageViewExtensions.swift */,
				E46247EF24E215FB008AA568 /* UILabelExtensions.swift */,
				E46247F124E216B4008AA568 /* UINavigationBarExtensions.swift */,
				5CD9B5CD24E2D5B4001BA882 /* UIScrollViewExtensions.swift */,
				5CD9B5CF24E2D628001BA882 /* UISearchBarExtensions.swift */,
				5CD9B5D124E2D6B7001BA882 /* UISegmentedControlExtensions.swift */,
				5CD9B5D324E2D708001BA882 /* UISliderExtensions.swift */,
				5CD9B5D724E2D95F001BA882 /* UITabBarExtensions.swift */,
				5CD9B5E324E2E026001BA882 /* UIViewExtensions.swift */,
				5CD9B1FD24E18E72001BA882 /* UICollectionViewExtensions.swift */,
				5CD9B5DF24E2DCDB001BA882 /* UITextViewExtensions.swift */,
				5CD9B5DD24E2DC3C001BA882 /* UITextFieldExtensions.swift */,
				5CD9B5DB24E2DAFC001BA882 /* UITableViewExtensions.swift */,
			);
			path = View;
			sourceTree = "<group>";
		};
		E4AB3A4E24E4B5CF00CB419C /* ViewController */ = {
			isa = PBXGroup;
			children = (
				5CD9B5CB24E2D4CA001BA882 /* UINavigationControllerExtensions.swift */,
				5CD9B5E124E2DDEE001BA882 /* UIViewControllerExtensions.swift */,
				E448080824E0C65400DB6F81 /* UIAlertControllerExtensions.swift */,
			);
			path = ViewController;
			sourceTree = "<group>";
		};
		E4AB3A5324E4B71200CB419C /* App */ = {
			isa = PBXGroup;
			children = (
				5CD9B5D524E2D77F001BA882 /* UIStoryboardExtensions.swift */,
				5CD9B1F924E18B11001BA882 /* UIApplicationExtensions.swift */,
				E4AB3A5424E4BEC700CB419C /* UIDeviceExtensions.swift */,
				E4AB3A5624E4BF3D00CB419C /* UIScreenExtensions.swift */,
			);
			path = App;
			sourceTree = "<group>";
		};
		E4D103C924E03ED500B8A4B0 /* Queue */ = {
			isa = PBXGroup;
			children = (
				E4D103CA24E03EEA00B8A4B0 /* DispatchQueueExtensions.swift */,
				E4D103CC24E0408900B8A4B0 /* OperateQueueExtensions.swift */,
			);
			path = Queue;
			sourceTree = "<group>";
		};
		E4D103CE24E04D9600B8A4B0 /* UIKit */ = {
			isa = PBXGroup;
			children = (
				E4AB3A4D24E4B5CF00CB419C /* View */,
				E4AB3A4E24E4B5CF00CB419C /* ViewController */,
				E4AB3A4C24E4B57B00CB419C /* Display */,
				E4AB3A5324E4B71200CB419C /* App */,
			);
			path = UIKit;
			sourceTree = "<group>";
		};
		E4DB868824DE295F0042F79D = {
			isa = PBXGroup;
			children = (
				E4DB86C524DE2AFE0042F79D /* Sources */,
				E4DB869324DE295F0042F79D /* Examples */,
				E4DB86AA24DE29600042F79D /* Tests */,
				E4DB86B524DE29600042F79D /* UITests */,
				E4DB869224DE295F0042F79D /* Products */,
			);
			sourceTree = "<group>";
		};
		E4DB869224DE295F0042F79D /* Products */ = {
			isa = PBXGroup;
			children = (
				E4DB869124DE295F0042F79D /* SwiftExtensions.app */,
				E4DB86A724DE29600042F79D /* Tests.xctest */,
				E4DB86B224DE29600042F79D /* UITests.xctest */,
			);
			name = Products;
			sourceTree = "<group>";
		};
		E4DB869324DE295F0042F79D /* Examples */ = {
			isa = PBXGroup;
			children = (
				E4DB869424DE295F0042F79D /* AppDelegate.swift */,
				E4DB869624DE295F0042F79D /* SceneDelegate.swift */,
				E4DB869824DE295F0042F79D /* ViewController.swift */,
				E4DB869A24DE295F0042F79D /* Main.storyboard */,
				E4DB869D24DE29600042F79D /* Assets.xcassets */,
				E4DB869F24DE29600042F79D /* LaunchScreen.storyboard */,
				E4DB86A224DE29600042F79D /* Info.plist */,
			);
			path = Examples;
			sourceTree = "<group>";
		};
		E4DB86AA24DE29600042F79D /* Tests */ = {
			isa = PBXGroup;
			children = (
				5C574D3F24DE5A0100A59183 /* Foundation */,
				E4DB86AB24DE29600042F79D /* Tests.swift */,
				E4DB86AD24DE29600042F79D /* Info.plist */,
				E467470B24E4421C0009A800 /* DispatchQueueTests.swift */,
				E4AB3A4A24E4B0C900CB419C /* NSObjectTests.swift */,
				E4E413CA24E6BE1700C11110 /* RuntimeTests.swift */,
			);
			path = Tests;
			sourceTree = "<group>";
		};
		E4DB86B524DE29600042F79D /* UITests */ = {
			isa = PBXGroup;
			children = (
				E4DB86B624DE29600042F79D /* UITests.swift */,
				E4DB86B824DE29600042F79D /* Info.plist */,
			);
			path = UITests;
			sourceTree = "<group>";
		};
		E4DB86C524DE2AFE0042F79D /* Sources */ = {
			isa = PBXGroup;
			children = (
				E4E413C524E6BD1600C11110 /* Runtime */,
				E45A859024E6087400F82A79 /* AVFoundation */,
				E4D103CE24E04D9600B8A4B0 /* UIKit */,
				E4D103C924E03ED500B8A4B0 /* Queue */,
				E4DB86C624DE2D190042F79D /* Foundation */,
				5C574D5224DE9DFD00A59183 /* Network */,
				5C574D7824DEDD6F00A59183 /* Public */,
			);
			path = Sources;
			sourceTree = "<group>";
		};
		E4DB86C624DE2D190042F79D /* Foundation */ = {
			isa = PBXGroup;
			children = (
				5C574D4524DE5D8D00A59183 /* Data */,
				E4DB86C724DE2D190042F79D /* Number */,
				E4DB86C924DE2D190042F79D /* String */,
				E4DB86CC24DE2D190042F79D /* DateTime */,
				E4DB86CD24DE2D190042F79D /* Collection */,
			);
			path = Foundation;
			sourceTree = "<group>";
		};
		E4DB86C724DE2D190042F79D /* Number */ = {
			isa = PBXGroup;
			children = (
				5C574D6824DEB2FD00A59183 /* BinaryFloatingPointExtensions.swift */,
				5C4B948A24E0074800500FCE /* SignedNumericExtensions.swift */,
				5CD9C68A24E42C78001BA882 /* BinaryIntegerExtensions.swift */,
			);
			path = Number;
			sourceTree = "<group>";
		};
		E4DB86C924DE2D190042F79D /* String */ = {
			isa = PBXGroup;
			children = (
				5C4B948624E002C900500FCE /* StringExtensions.swift */,
				E4DF924F24E41F4B00A78C58 /* StringExtensions+Valid.swift */,
				5C574D6C24DEBB6400A59183 /* CharacterExtensions.swift */,
				5C574D4824DE775700A59183 /* NSAttributedStringExtensions.swift */,
			);
			path = String;
			sourceTree = "<group>";
		};
		E4DB86CC24DE2D190042F79D /* DateTime */ = {
			isa = PBXGroup;
			children = (
				E4DB86CE24DE2E1F0042F79D /* DateExtensions.swift */,
			);
			path = DateTime;
			sourceTree = "<group>";
		};
		E4DB86CD24DE2D190042F79D /* Collection */ = {
			isa = PBXGroup;
			children = (
				5C574D6024DEAE3C00A59183 /* ArrayExtensions.swift */,
				5C574D7024DEC43800A59183 /* CollectionExtensions.swift */,
				5C574D7424DED74B00A59183 /* DictionaryExtensions.swift */,
				5C4B948224DFFFFC00500FCE /* SequenceExtensions.swift */,
			);
			path = Collection;
			sourceTree = "<group>";
		};
		E4E413C524E6BD1600C11110 /* Runtime */ = {
			isa = PBXGroup;
			children = (
				E4E413C624E6BD4300C11110 /* RuntimeExtensions.swift */,
				E4AB3A4624E4B08200CB419C /* NSObjectExtensions.swift */,
			);
			path = Runtime;
			sourceTree = "<group>";
		};
/* End PBXGroup section */

/* Begin PBXNativeTarget section */
		E4DB869024DE295F0042F79D /* SwiftExtensions */ = {
			isa = PBXNativeTarget;
			buildConfigurationList = E4DB86BB24DE29600042F79D /* Build configuration list for PBXNativeTarget "SwiftExtensions" */;
			buildPhases = (
				E4DB868D24DE295F0042F79D /* Sources */,
				E4DB868E24DE295F0042F79D /* Frameworks */,
				E4DB868F24DE295F0042F79D /* Resources */,
			);
			buildRules = (
			);
			dependencies = (
			);
			name = SwiftExtensions;
			productName = SwiftExtensions;
			productReference = E4DB869124DE295F0042F79D /* SwiftExtensions.app */;
			productType = "com.apple.product-type.application";
		};
		E4DB86A624DE29600042F79D /* Tests */ = {
			isa = PBXNativeTarget;
			buildConfigurationList = E4DB86BE24DE29600042F79D /* Build configuration list for PBXNativeTarget "Tests" */;
			buildPhases = (
				E4DB86A324DE29600042F79D /* Sources */,
				E4DB86A424DE29600042F79D /* Frameworks */,
				E4DB86A524DE29600042F79D /* Resources */,
			);
			buildRules = (
			);
			dependencies = (
				E4DB86A924DE29600042F79D /* PBXTargetDependency */,
			);
			name = Tests;
			productName = SwiftExtensionsTests;
			productReference = E4DB86A724DE29600042F79D /* Tests.xctest */;
			productType = "com.apple.product-type.bundle.unit-test";
		};
		E4DB86B124DE29600042F79D /* UITests */ = {
			isa = PBXNativeTarget;
			buildConfigurationList = E4DB86C124DE29600042F79D /* Build configuration list for PBXNativeTarget "UITests" */;
			buildPhases = (
				E4DB86AE24DE29600042F79D /* Sources */,
				E4DB86AF24DE29600042F79D /* Frameworks */,
				E4DB86B024DE29600042F79D /* Resources */,
			);
			buildRules = (
			);
			dependencies = (
				E4DB86B424DE29600042F79D /* PBXTargetDependency */,
			);
			name = UITests;
			productName = SwiftExtensionsUITests;
			productReference = E4DB86B224DE29600042F79D /* UITests.xctest */;
			productType = "com.apple.product-type.bundle.ui-testing";
		};
/* End PBXNativeTarget section */

/* Begin PBXProject section */
		E4DB868924DE295F0042F79D /* Project object */ = {
			isa = PBXProject;
			attributes = {
				LastSwiftUpdateCheck = 1120;
				LastUpgradeCheck = 1120;
				ORGANIZATIONNAME = SwiftExtensions;
				TargetAttributes = {
					E4DB869024DE295F0042F79D = {
						CreatedOnToolsVersion = 11.2.1;
					};
					E4DB86A624DE29600042F79D = {
						CreatedOnToolsVersion = 11.2.1;
						LastSwiftMigration = 1160;
						TestTargetID = E4DB869024DE295F0042F79D;
					};
					E4DB86B124DE29600042F79D = {
						CreatedOnToolsVersion = 11.2.1;
						TestTargetID = E4DB869024DE295F0042F79D;
					};
				};
			};
			buildConfigurationList = E4DB868C24DE295F0042F79D /* Build configuration list for PBXProject "SwiftExtensions" */;
			compatibilityVersion = "Xcode 9.3";
			developmentRegion = en;
			hasScannedForEncodings = 0;
			knownRegions = (
				en,
				Base,
			);
			mainGroup = E4DB868824DE295F0042F79D;
			productRefGroup = E4DB869224DE295F0042F79D /* Products */;
			projectDirPath = "";
			projectRoot = "";
			targets = (
				E4DB869024DE295F0042F79D /* SwiftExtensions */,
				E4DB86A624DE29600042F79D /* Tests */,
				E4DB86B124DE29600042F79D /* UITests */,
			);
		};
/* End PBXProject section */

/* Begin PBXResourcesBuildPhase section */
		E4DB868F24DE295F0042F79D /* Resources */ = {
			isa = PBXResourcesBuildPhase;
			buildActionMask = 2147483647;
			files = (
				E4DB86A124DE29600042F79D /* LaunchScreen.storyboard in Resources */,
				E4DB869E24DE29600042F79D /* Assets.xcassets in Resources */,
				E4DB869C24DE295F0042F79D /* Main.storyboard in Resources */,
			);
			runOnlyForDeploymentPostprocessing = 0;
		};
		E4DB86A524DE29600042F79D /* Resources */ = {
			isa = PBXResourcesBuildPhase;
			buildActionMask = 2147483647;
			files = (
			);
			runOnlyForDeploymentPostprocessing = 0;
		};
		E4DB86B024DE29600042F79D /* Resources */ = {
			isa = PBXResourcesBuildPhase;
			buildActionMask = 2147483647;
			files = (
			);
			runOnlyForDeploymentPostprocessing = 0;
		};
/* End PBXResourcesBuildPhase section */

/* Begin PBXSourcesBuildPhase section */
		E4DB868D24DE295F0042F79D /* Sources */ = {
			isa = PBXSourcesBuildPhase;
			buildActionMask = 2147483647;
			files = (
				5C574D5424DE9E1100A59183 /* URLExtensions.swift in Sources */,
				E4D103CB24E03EEA00B8A4B0 /* DispatchQueueExtensions.swift in Sources */,
				5CD9B20024E18ECC001BA882 /* UIFontExtensions.swift in Sources */,
				5C574D7124DEC43800A59183 /* CollectionExtensions.swift in Sources */,
				5C574D7524DED74B00A59183 /* DictionaryExtensions.swift in Sources */,
				5CD9B5DC24E2DAFC001BA882 /* UITableViewExtensions.swift in Sources */,
				5C574D5824DEA25400A59183 /* URLRequestExtensions.swift in Sources */,
				E4E413C724E6BD4300C11110 /* RuntimeExtensions.swift in Sources */,
				5CD9C68B24E42C78001BA882 /* BinaryIntegerExtensions.swift in Sources */,
				5C574D6D24DEBB6400A59183 /* CharacterExtensions.swift in Sources */,
				E46247F024E215FB008AA568 /* UILabelExtensions.swift in Sources */,
				E4DB869924DE295F0042F79D /* ViewController.swift in Sources */,
				E4DB86CF24DE2E1F0042F79D /* DateExtensions.swift in Sources */,
				5CD9B5D224E2D6B7001BA882 /* UISegmentedControlExtensions.swift in Sources */,
				E4DB869524DE295F0042F79D /* AppDelegate.swift in Sources */,
				5C758E4D24DF9783007BCE17 /* DecodableExtensions.swift in Sources */,
				5C4B948B24E0074800500FCE /* SignedNumericExtensions.swift in Sources */,
				5CD9B5D024E2D628001BA882 /* UISearchBarExtensions.swift in Sources */,
				5C574D4724DE5D9600A59183 /* DataExtensions.swift in Sources */,
				5CD9B1FA24E18B11001BA882 /* UIApplicationExtensions.swift in Sources */,
				5CD9B5CE24E2D5B4001BA882 /* UIScrollViewExtensions.swift in Sources */,
				5CD9B5E024E2DCDB001BA882 /* UITextViewExtensions.swift in Sources */,
				E46247EE24E210CA008AA568 /* UIImageViewExtensions.swift in Sources */,
				E4D103CD24E0408900B8A4B0 /* OperateQueueExtensions.swift in Sources */,
				5CD9B5E424E2E026001BA882 /* UIViewExtensions.swift in Sources */,
				E4DB869724DE295F0042F79D /* SceneDelegate.swift in Sources */,
				5C4B948724E002C900500FCE /* StringExtensions.swift in Sources */,
				E4D103D024E04DA700B8A4B0 /* UIColorExtensions.swift in Sources */,
				E4AB3A5524E4BEC700CB419C /* UIDeviceExtensions.swift in Sources */,
				5CD9B5DE24E2DC3C001BA882 /* UITextFieldExtensions.swift in Sources */,
				E45A859224E6088000F82A79 /* AVPlayer.swift in Sources */,
				E4DF925024E41F4B00A78C58 /* StringExtensions+Valid.swift in Sources */,
				5CD9B20224E18FC3001BA882 /* UIImageExtensions.swift in Sources */,
				E46247F224E216B4008AA568 /* UINavigationBarExtensions.swift in Sources */,
				5C574D7E24DEDE1600A59183 /* SwiftExtensionsError.swift in Sources */,
				5CD9B5E224E2DDEE001BA882 /* UIViewControllerExtensions.swift in Sources */,
				5CD9B5CC24E2D4CA001BA882 /* UINavigationControllerExtensions.swift in Sources */,
				5CD9B5D824E2D95F001BA882 /* UITabBarExtensions.swift in Sources */,
				5CD9B5D424E2D708001BA882 /* UISliderExtensions.swift in Sources */,
				5C4B948324DFFFFC00500FCE /* SequenceExtensions.swift in Sources */,
				E448080924E0C65400DB6F81 /* UIAlertControllerExtensions.swift in Sources */,
				5CD9B5D624E2D77F001BA882 /* UIStoryboardExtensions.swift in Sources */,
				5CD9B1FE24E18E72001BA882 /* UICollectionViewExtensions.swift in Sources */,
				5C574D6924DEB2FD00A59183 /* BinaryFloatingPointExtensions.swift in Sources */,
				E4AB3A4724E4B08200CB419C /* NSObjectExtensions.swift in Sources */,
				E4AB3A5724E4BF3D00CB419C /* UIScreenExtensions.swift in Sources */,
				5CD9B1FC24E18D01001BA882 /* UIButtonExtensions.swift in Sources */,
				5C574D6124DEAE3C00A59183 /* ArrayExtensions.swift in Sources */,
				5C574D4924DE775700A59183 /* NSAttributedStringExtensions.swift in Sources */,
			);
			runOnlyForDeploymentPostprocessing = 0;
		};
		E4DB86A324DE29600042F79D /* Sources */ = {
			isa = PBXSourcesBuildPhase;
			buildActionMask = 2147483647;
			files = (
				E467470C24E4421C0009A800 /* DispatchQueueTests.swift in Sources */,
				5C574D5524DE9E1100A59183 /* URLExtensions.swift in Sources */,
				E4AB3A4B24E4B0C900CB419C /* NSObjectTests.swift in Sources */,
				5C574D7224DEC43800A59183 /* CollectionExtensions.swift in Sources */,
				E448080C24E0CA7300DB6F81 /* UIAlertControllerExtensions.swift in Sources */,
				E448081624E0CA8B00DB6F81 /* StringExtensions.swift in Sources */,
				5C574D7624DED74B00A59183 /* DictionaryExtensions.swift in Sources */,
				5C574D5924DEA25400A59183 /* URLRequestExtensions.swift in Sources */,
				E4E413CB24E6BE1700C11110 /* RuntimeTests.swift in Sources */,
				E4AB3A5124E4B6DA00CB419C /* UIFontExtensions.swift in Sources */,
				E448081824E0CA9600DB6F81 /* SequenceExtensions.swift in Sources */,
				E4AB3A4824E4B08500CB419C /* NSObjectExtensions.swift in Sources */,
				E4E413CC24E6BE2B00C11110 /* RuntimeExtensions.swift in Sources */,
				E448080E24E0CA7600DB6F81 /* DispatchQueueExtensions.swift in Sources */,
				5C574D6E24DEBB6400A59183 /* CharacterExtensions.swift in Sources */,
				5C574D4324DE5A4200A59183 /* DateTests.swift in Sources */,
				E4E413CD24E6BE7000C11110 /* UIViewExtensions.swift in Sources */,
				5C574D4D24DE8D1700A59183 /* OCTests.m in Sources */,
				5C574D4E24DE8E6A00A59183 /* NSAttributedStringExtensions.swift in Sources */,
				E4DB86AC24DE29600042F79D /* Tests.swift in Sources */,
				E448080A24E0CA7000DB6F81 /* UIColorExtensions.swift in Sources */,
				E4DB86D024DE2E1F0042F79D /* DateExtensions.swift in Sources */,
				E448081224E0CA7F00DB6F81 /* DecodableExtensions.swift in Sources */,
				5C574D7F24DEDE1600A59183 /* SwiftExtensionsError.swift in Sources */,
				5C574D6A24DEB2FD00A59183 /* BinaryFloatingPointExtensions.swift in Sources */,
				E4AB3A5024E4B60D00CB419C /* UIViewControllerExtensions.swift in Sources */,
				5C574D6224DEAE3C00A59183 /* ArrayExtensions.swift in Sources */,
				E448081424E0CA8500DB6F81 /* SignedNumericExtensions.swift in Sources */,
				E448081024E0CA7900DB6F81 /* OperateQueueExtensions.swift in Sources */,
				5C574D5024DE8E6F00A59183 /* DataExtensions.swift in Sources */,
			);
			runOnlyForDeploymentPostprocessing = 0;
		};
		E4DB86AE24DE29600042F79D /* Sources */ = {
			isa = PBXSourcesBuildPhase;
			buildActionMask = 2147483647;
			files = (
				5C574D8024DEDE1600A59183 /* SwiftExtensionsError.swift in Sources */,
				E4DB86B724DE29600042F79D /* UITests.swift in Sources */,
				E448080D24E0CA7300DB6F81 /* UIAlertControllerExtensions.swift in Sources */,
				E448080B24E0CA7100DB6F81 /* UIColorExtensions.swift in Sources */,
				E4AB3A5224E4B6DA00CB419C /* UIFontExtensions.swift in Sources */,
				5C574D6B24DEB2FD00A59183 /* BinaryFloatingPointExtensions.swift in Sources */,
				E448081324E0CA7F00DB6F81 /* DecodableExtensions.swift in Sources */,
				5C574D7724DED74B00A59183 /* DictionaryExtensions.swift in Sources */,
				5C574D5A24DEA25400A59183 /* URLRequestExtensions.swift in Sources */,
				E4E413CE24E6BEA200C11110 /* UIViewExtensions.swift in Sources */,
				E448081924E0CA9600DB6F81 /* SequenceExtensions.swift in Sources */,
				5C574D6324DEAE3C00A59183 /* ArrayExtensions.swift in Sources */,
				E448081524E0CA8500DB6F81 /* SignedNumericExtensions.swift in Sources */,
				5C574D5124DE8E7000A59183 /* DataExtensions.swift in Sources */,
				E448080F24E0CA7600DB6F81 /* DispatchQueueExtensions.swift in Sources */,
				5C574D7324DEC43800A59183 /* CollectionExtensions.swift in Sources */,
				5C574D6F24DEBB6400A59183 /* CharacterExtensions.swift in Sources */,
				E448081124E0CA7900DB6F81 /* OperateQueueExtensions.swift in Sources */,
				5C574D5624DE9E1100A59183 /* URLExtensions.swift in Sources */,
				E4AB3A4F24E4B60D00CB419C /* UIViewControllerExtensions.swift in Sources */,
				E4DB86D124DE2E1F0042F79D /* DateExtensions.swift in Sources */,
				5C574D4F24DE8E6A00A59183 /* NSAttributedStringExtensions.swift in Sources */,
				E448081724E0CA8B00DB6F81 /* StringExtensions.swift in Sources */,
			);
			runOnlyForDeploymentPostprocessing = 0;
		};
/* End PBXSourcesBuildPhase section */

/* Begin PBXTargetDependency section */
		E4DB86A924DE29600042F79D /* PBXTargetDependency */ = {
			isa = PBXTargetDependency;
			target = E4DB869024DE295F0042F79D /* SwiftExtensions */;
			targetProxy = E4DB86A824DE29600042F79D /* PBXContainerItemProxy */;
		};
		E4DB86B424DE29600042F79D /* PBXTargetDependency */ = {
			isa = PBXTargetDependency;
			target = E4DB869024DE295F0042F79D /* SwiftExtensions */;
			targetProxy = E4DB86B324DE29600042F79D /* PBXContainerItemProxy */;
		};
/* End PBXTargetDependency section */

/* Begin PBXVariantGroup section */
		E4DB869A24DE295F0042F79D /* Main.storyboard */ = {
			isa = PBXVariantGroup;
			children = (
				E4DB869B24DE295F0042F79D /* Base */,
			);
			name = Main.storyboard;
			sourceTree = "<group>";
		};
		E4DB869F24DE29600042F79D /* LaunchScreen.storyboard */ = {
			isa = PBXVariantGroup;
			children = (
				E4DB86A024DE29600042F79D /* Base */,
			);
			name = LaunchScreen.storyboard;
			sourceTree = "<group>";
		};
/* End PBXVariantGroup section */

/* Begin XCBuildConfiguration section */
		E4DB86B924DE29600042F79D /* Debug */ = {
			isa = XCBuildConfiguration;
			buildSettings = {
				ALWAYS_SEARCH_USER_PATHS = NO;
				CLANG_ANALYZER_NONNULL = YES;
				CLANG_ANALYZER_NUMBER_OBJECT_CONVERSION = YES_AGGRESSIVE;
				CLANG_CXX_LANGUAGE_STANDARD = "gnu++14";
				CLANG_CXX_LIBRARY = "libc++";
				CLANG_ENABLE_MODULES = YES;
				CLANG_ENABLE_OBJC_ARC = YES;
				CLANG_ENABLE_OBJC_WEAK = YES;
				CLANG_WARN_BLOCK_CAPTURE_AUTORELEASING = YES;
				CLANG_WARN_BOOL_CONVERSION = YES;
				CLANG_WARN_COMMA = YES;
				CLANG_WARN_CONSTANT_CONVERSION = YES;
				CLANG_WARN_DEPRECATED_OBJC_IMPLEMENTATIONS = YES;
				CLANG_WARN_DIRECT_OBJC_ISA_USAGE = YES_ERROR;
				CLANG_WARN_DOCUMENTATION_COMMENTS = YES;
				CLANG_WARN_EMPTY_BODY = YES;
				CLANG_WARN_ENUM_CONVERSION = YES;
				CLANG_WARN_INFINITE_RECURSION = YES;
				CLANG_WARN_INT_CONVERSION = YES;
				CLANG_WARN_NON_LITERAL_NULL_CONVERSION = YES;
				CLANG_WARN_OBJC_IMPLICIT_RETAIN_SELF = YES;
				CLANG_WARN_OBJC_LITERAL_CONVERSION = YES;
				CLANG_WARN_OBJC_ROOT_CLASS = YES_ERROR;
				CLANG_WARN_RANGE_LOOP_ANALYSIS = YES;
				CLANG_WARN_STRICT_PROTOTYPES = YES;
				CLANG_WARN_SUSPICIOUS_MOVE = YES;
				CLANG_WARN_UNGUARDED_AVAILABILITY = YES_AGGRESSIVE;
				CLANG_WARN_UNREACHABLE_CODE = YES;
				CLANG_WARN__DUPLICATE_METHOD_MATCH = YES;
				COPY_PHASE_STRIP = NO;
				DEBUG_INFORMATION_FORMAT = dwarf;
				ENABLE_STRICT_OBJC_MSGSEND = YES;
				ENABLE_TESTABILITY = YES;
				GCC_C_LANGUAGE_STANDARD = gnu11;
				GCC_DYNAMIC_NO_PIC = NO;
				GCC_NO_COMMON_BLOCKS = YES;
				GCC_OPTIMIZATION_LEVEL = 0;
				GCC_PREPROCESSOR_DEFINITIONS = (
					"DEBUG=1",
					"$(inherited)",
				);
				GCC_WARN_64_TO_32_BIT_CONVERSION = YES;
				GCC_WARN_ABOUT_RETURN_TYPE = YES_ERROR;
				GCC_WARN_UNDECLARED_SELECTOR = YES;
				GCC_WARN_UNINITIALIZED_AUTOS = YES_AGGRESSIVE;
				GCC_WARN_UNUSED_FUNCTION = YES;
				GCC_WARN_UNUSED_VARIABLE = YES;
				IPHONEOS_DEPLOYMENT_TARGET = 10.0;
				MTL_ENABLE_DEBUG_INFO = INCLUDE_SOURCE;
				MTL_FAST_MATH = YES;
				ONLY_ACTIVE_ARCH = YES;
				SDKROOT = iphoneos;
				SWIFT_ACTIVE_COMPILATION_CONDITIONS = DEBUG;
				SWIFT_OPTIMIZATION_LEVEL = "-Onone";
			};
			name = Debug;
		};
		E4DB86BA24DE29600042F79D /* Release */ = {
			isa = XCBuildConfiguration;
			buildSettings = {
				ALWAYS_SEARCH_USER_PATHS = NO;
				CLANG_ANALYZER_NONNULL = YES;
				CLANG_ANALYZER_NUMBER_OBJECT_CONVERSION = YES_AGGRESSIVE;
				CLANG_CXX_LANGUAGE_STANDARD = "gnu++14";
				CLANG_CXX_LIBRARY = "libc++";
				CLANG_ENABLE_MODULES = YES;
				CLANG_ENABLE_OBJC_ARC = YES;
				CLANG_ENABLE_OBJC_WEAK = YES;
				CLANG_WARN_BLOCK_CAPTURE_AUTORELEASING = YES;
				CLANG_WARN_BOOL_CONVERSION = YES;
				CLANG_WARN_COMMA = YES;
				CLANG_WARN_CONSTANT_CONVERSION = YES;
				CLANG_WARN_DEPRECATED_OBJC_IMPLEMENTATIONS = YES;
				CLANG_WARN_DIRECT_OBJC_ISA_USAGE = YES_ERROR;
				CLANG_WARN_DOCUMENTATION_COMMENTS = YES;
				CLANG_WARN_EMPTY_BODY = YES;
				CLANG_WARN_ENUM_CONVERSION = YES;
				CLANG_WARN_INFINITE_RECURSION = YES;
				CLANG_WARN_INT_CONVERSION = YES;
				CLANG_WARN_NON_LITERAL_NULL_CONVERSION = YES;
				CLANG_WARN_OBJC_IMPLICIT_RETAIN_SELF = YES;
				CLANG_WARN_OBJC_LITERAL_CONVERSION = YES;
				CLANG_WARN_OBJC_ROOT_CLASS = YES_ERROR;
				CLANG_WARN_RANGE_LOOP_ANALYSIS = YES;
				CLANG_WARN_STRICT_PROTOTYPES = YES;
				CLANG_WARN_SUSPICIOUS_MOVE = YES;
				CLANG_WARN_UNGUARDED_AVAILABILITY = YES_AGGRESSIVE;
				CLANG_WARN_UNREACHABLE_CODE = YES;
				CLANG_WARN__DUPLICATE_METHOD_MATCH = YES;
				COPY_PHASE_STRIP = NO;
				DEBUG_INFORMATION_FORMAT = "dwarf-with-dsym";
				ENABLE_NS_ASSERTIONS = NO;
				ENABLE_STRICT_OBJC_MSGSEND = YES;
				GCC_C_LANGUAGE_STANDARD = gnu11;
				GCC_NO_COMMON_BLOCKS = YES;
				GCC_WARN_64_TO_32_BIT_CONVERSION = YES;
				GCC_WARN_ABOUT_RETURN_TYPE = YES_ERROR;
				GCC_WARN_UNDECLARED_SELECTOR = YES;
				GCC_WARN_UNINITIALIZED_AUTOS = YES_AGGRESSIVE;
				GCC_WARN_UNUSED_FUNCTION = YES;
				GCC_WARN_UNUSED_VARIABLE = YES;
				IPHONEOS_DEPLOYMENT_TARGET = 10.0;
				MTL_ENABLE_DEBUG_INFO = NO;
				MTL_FAST_MATH = YES;
				SDKROOT = iphoneos;
				SWIFT_COMPILATION_MODE = wholemodule;
				SWIFT_OPTIMIZATION_LEVEL = "-O";
				VALIDATE_PRODUCT = YES;
			};
			name = Release;
		};
		E4DB86BC24DE29600042F79D /* Debug */ = {
			isa = XCBuildConfiguration;
			buildSettings = {
				ASSETCATALOG_COMPILER_APPICON_NAME = AppIcon;
				CODE_SIGN_STYLE = Automatic;
				INFOPLIST_FILE = "$(SRCROOT)/Examples/Info.plist";
				LD_RUNPATH_SEARCH_PATHS = (
					"$(inherited)",
					"@executable_path/Frameworks",
				);
				PRODUCT_BUNDLE_IDENTIFIER = com.SwiftExtensions;
				PRODUCT_NAME = "$(TARGET_NAME)";
				SWIFT_VERSION = 5.0;
				TARGETED_DEVICE_FAMILY = "1,2";
			};
			name = Debug;
		};
		E4DB86BD24DE29600042F79D /* Release */ = {
			isa = XCBuildConfiguration;
			buildSettings = {
				ASSETCATALOG_COMPILER_APPICON_NAME = AppIcon;
				CODE_SIGN_STYLE = Automatic;
				INFOPLIST_FILE = "$(SRCROOT)/Examples/Info.plist";
				LD_RUNPATH_SEARCH_PATHS = (
					"$(inherited)",
					"@executable_path/Frameworks",
				);
				PRODUCT_BUNDLE_IDENTIFIER = com.SwiftExtensions;
				PRODUCT_NAME = "$(TARGET_NAME)";
				SWIFT_VERSION = 5.0;
				TARGETED_DEVICE_FAMILY = "1,2";
			};
			name = Release;
		};
		E4DB86BF24DE29600042F79D /* Debug */ = {
			isa = XCBuildConfiguration;
			buildSettings = {
				ALWAYS_EMBED_SWIFT_STANDARD_LIBRARIES = YES;
				BUNDLE_LOADER = "$(TEST_HOST)";
				CLANG_ENABLE_MODULES = YES;
				CODE_SIGN_STYLE = Automatic;
				INFOPLIST_FILE = Tests/Info.plist;
				IPHONEOS_DEPLOYMENT_TARGET = 13.2;
				LD_RUNPATH_SEARCH_PATHS = (
					"$(inherited)",
					"@executable_path/Frameworks",
					"@loader_path/Frameworks",
				);
				PRODUCT_BUNDLE_IDENTIFIER = SwiftExtensions.SwiftExtensionsTests;
				PRODUCT_NAME = "$(TARGET_NAME)";
				SWIFT_OBJC_BRIDGING_HEADER = "Tests/Foundation/Tests-Bridging-Header.h";
				SWIFT_OPTIMIZATION_LEVEL = "-Onone";
				SWIFT_VERSION = 5.0;
				TARGETED_DEVICE_FAMILY = "1,2";
				TEST_HOST = "$(BUILT_PRODUCTS_DIR)/SwiftExtensions.app/SwiftExtensions";
			};
			name = Debug;
		};
		E4DB86C024DE29600042F79D /* Release */ = {
			isa = XCBuildConfiguration;
			buildSettings = {
				ALWAYS_EMBED_SWIFT_STANDARD_LIBRARIES = YES;
				BUNDLE_LOADER = "$(TEST_HOST)";
				CLANG_ENABLE_MODULES = YES;
				CODE_SIGN_STYLE = Automatic;
				INFOPLIST_FILE = Tests/Info.plist;
				IPHONEOS_DEPLOYMENT_TARGET = 13.2;
				LD_RUNPATH_SEARCH_PATHS = (
					"$(inherited)",
					"@executable_path/Frameworks",
					"@loader_path/Frameworks",
				);
				PRODUCT_BUNDLE_IDENTIFIER = SwiftExtensions.SwiftExtensionsTests;
				PRODUCT_NAME = "$(TARGET_NAME)";
				SWIFT_OBJC_BRIDGING_HEADER = "Tests/Foundation/Tests-Bridging-Header.h";
				SWIFT_VERSION = 5.0;
				TARGETED_DEVICE_FAMILY = "1,2";
				TEST_HOST = "$(BUILT_PRODUCTS_DIR)/SwiftExtensions.app/SwiftExtensions";
			};
			name = Release;
		};
		E4DB86C224DE29600042F79D /* Debug */ = {
			isa = XCBuildConfiguration;
			buildSettings = {
				ALWAYS_EMBED_SWIFT_STANDARD_LIBRARIES = YES;
				CODE_SIGN_STYLE = Automatic;
				INFOPLIST_FILE = UITests/Info.plist;
				LD_RUNPATH_SEARCH_PATHS = (
					"$(inherited)",
					"@executable_path/Frameworks",
					"@loader_path/Frameworks",
				);
				PRODUCT_BUNDLE_IDENTIFIER = SwiftExtensions.SwiftExtensionsUITests;
				PRODUCT_NAME = "$(TARGET_NAME)";
				SWIFT_VERSION = 5.0;
				TARGETED_DEVICE_FAMILY = "1,2";
				TEST_TARGET_NAME = SwiftExtensions;
			};
			name = Debug;
		};
		E4DB86C324DE29600042F79D /* Release */ = {
			isa = XCBuildConfiguration;
			buildSettings = {
				ALWAYS_EMBED_SWIFT_STANDARD_LIBRARIES = YES;
				CODE_SIGN_STYLE = Automatic;
				INFOPLIST_FILE = UITests/Info.plist;
				LD_RUNPATH_SEARCH_PATHS = (
					"$(inherited)",
					"@executable_path/Frameworks",
					"@loader_path/Frameworks",
				);
				PRODUCT_BUNDLE_IDENTIFIER = SwiftExtensions.SwiftExtensionsUITests;
				PRODUCT_NAME = "$(TARGET_NAME)";
				SWIFT_VERSION = 5.0;
				TARGETED_DEVICE_FAMILY = "1,2";
				TEST_TARGET_NAME = SwiftExtensions;
			};
			name = Release;
		};
/* End XCBuildConfiguration section */

/* Begin XCConfigurationList section */
		E4DB868C24DE295F0042F79D /* Build configuration list for PBXProject "SwiftExtensions" */ = {
			isa = XCConfigurationList;
			buildConfigurations = (
				E4DB86B924DE29600042F79D /* Debug */,
				E4DB86BA24DE29600042F79D /* Release */,
			);
			defaultConfigurationIsVisible = 0;
			defaultConfigurationName = Release;
		};
		E4DB86BB24DE29600042F79D /* Build configuration list for PBXNativeTarget "SwiftExtensions" */ = {
			isa = XCConfigurationList;
			buildConfigurations = (
				E4DB86BC24DE29600042F79D /* Debug */,
				E4DB86BD24DE29600042F79D /* Release */,
			);
			defaultConfigurationIsVisible = 0;
			defaultConfigurationName = Release;
		};
		E4DB86BE24DE29600042F79D /* Build configuration list for PBXNativeTarget "Tests" */ = {
			isa = XCConfigurationList;
			buildConfigurations = (
				E4DB86BF24DE29600042F79D /* Debug */,
				E4DB86C024DE29600042F79D /* Release */,
			);
			defaultConfigurationIsVisible = 0;
			defaultConfigurationName = Release;
		};
		E4DB86C124DE29600042F79D /* Build configuration list for PBXNativeTarget "UITests" */ = {
			isa = XCConfigurationList;
			buildConfigurations = (
				E4DB86C224DE29600042F79D /* Debug */,
				E4DB86C324DE29600042F79D /* Release */,
			);
			defaultConfigurationIsVisible = 0;
			defaultConfigurationName = Release;
		};
/* End XCConfigurationList section */
	};
	rootObject = E4DB868924DE295F0042F79D /* Project object */;
}
